// !$*UTF8*$!
{
	archiveVersion = 1;
	classes = {
	};
	objectVersion = 50;
	objects = {

/* Begin PBXBuildFile section */
		CE61287E21C1504A00BB4B97 /* AppDelegate.swift in Sources */ = {isa = PBXBuildFile; fileRef = CE61287D21C1504A00BB4B97 /* AppDelegate.swift */; };
		CE61288021C1504A00BB4B97 /* ViewController.swift in Sources */ = {isa = PBXBuildFile; fileRef = CE61287F21C1504A00BB4B97 /* ViewController.swift */; };
		CE61288321C1504A00BB4B97 /* Main.storyboard in Resources */ = {isa = PBXBuildFile; fileRef = CE61288121C1504A00BB4B97 /* Main.storyboard */; };
		CE61288521C1504D00BB4B97 /* Assets.xcassets in Resources */ = {isa = PBXBuildFile; fileRef = CE61288421C1504D00BB4B97 /* Assets.xcassets */; };
		CE61288821C1504D00BB4B97 /* LaunchScreen.storyboard in Resources */ = {isa = PBXBuildFile; fileRef = CE61288621C1504D00BB4B97 /* LaunchScreen.storyboard */; };
		CE61289021C1520800BB4B97 /* ExerciseClobal.swift in Sources */ = {isa = PBXBuildFile; fileRef = CE61288F21C1520800BB4B97 /* ExerciseClobal.swift */; };
		CE61289321C153AD00BB4B97 /* BasicExercises.swift in Sources */ = {isa = PBXBuildFile; fileRef = CE61289221C153AD00BB4B97 /* BasicExercises.swift */; };
		CE61289921C1545D00BB4B97 /* Running.swift in Sources */ = {isa = PBXBuildFile; fileRef = CE61289821C1545D00BB4B97 /* Running.swift */; };
		CE61289B21C1547200BB4B97 /* Cycling.swift in Sources */ = {isa = PBXBuildFile; fileRef = CE61289A21C1547200BB4B97 /* Cycling.swift */; };
		CE61289D21C1548400BB4B97 /* StrengthExercises.swift in Sources */ = {isa = PBXBuildFile; fileRef = CE61289C21C1548400BB4B97 /* StrengthExercises.swift */; };
/* End PBXBuildFile section */

/* Begin PBXFileReference section */
		CE61287A21C1504A00BB4B97 /* FactoryMethodSwift.app */ = {isa = PBXFileReference; explicitFileType = wrapper.application; includeInIndex = 0; path = FactoryMethodSwift.app; sourceTree = BUILT_PRODUCTS_DIR; };
		CE61287D21C1504A00BB4B97 /* AppDelegate.swift */ = {isa = PBXFileReference; lastKnownFileType = sourcecode.swift; path = AppDelegate.swift; sourceTree = "<group>"; };
		CE61287F21C1504A00BB4B97 /* ViewController.swift */ = {isa = PBXFileReference; lastKnownFileType = sourcecode.swift; path = ViewController.swift; sourceTree = "<group>"; };
		CE61288221C1504A00BB4B97 /* Base */ = {isa = PBXFileReference; lastKnownFileType = file.storyboard; name = Base; path = Base.lproj/Main.storyboard; sourceTree = "<group>"; };
		CE61288421C1504D00BB4B97 /* Assets.xcassets */ = {isa = PBXFileReference; lastKnownFileType = folder.assetcatalog; path = Assets.xcassets; sourceTree = "<group>"; };
		CE61288721C1504D00BB4B97 /* Base */ = {isa = PBXFileReference; lastKnownFileType = file.storyboard; name = Base; path = Base.lproj/LaunchScreen.storyboard; sourceTree = "<group>"; };
		CE61288921C1504D00BB4B97 /* Info.plist */ = {isa = PBXFileReference; lastKnownFileType = text.plist.xml; path = Info.plist; sourceTree = "<group>"; };
		CE61288F21C1520800BB4B97 /* ExerciseClobal.swift */ = {isa = PBXFileReference; lastKnownFileType = sourcecode.swift; path = ExerciseClobal.swift; sourceTree = "<group>"; };
		CE61289221C153AD00BB4B97 /* BasicExercises.swift */ = {isa = PBXFileReference; lastKnownFileType = sourcecode.swift; path = BasicExercises.swift; sourceTree = "<group>"; };
		CE61289821C1545D00BB4B97 /* Running.swift */ = {isa = PBXFileReference; lastKnownFileType = sourcecode.swift; path = Running.swift; sourceTree = "<group>"; };
		CE61289A21C1547200BB4B97 /* Cycling.swift */ = {isa = PBXFileReference; lastKnownFileType = sourcecode.swift; path = Cycling.swift; sourceTree = "<group>"; };
		CE61289C21C1548400BB4B97 /* StrengthExercises.swift */ = {isa = PBXFileReference; lastKnownFileType = sourcecode.swift; path = StrengthExercises.swift; sourceTree = "<group>"; };
/* End PBXFileReference section */

/* Begin PBXFrameworksBuildPhase section */
		CE61287721C1504900BB4B97 /* Frameworks */ = {
			isa = PBXFrameworksBuildPhase;
			buildActionMask = 2147483647;
			files = (
			);
			runOnlyForDeploymentPostprocessing = 0;
		};
/* End PBXFrameworksBuildPhase section */

/* Begin PBXGroup section */
		CE61287121C1504900BB4B97 = {
			isa = PBXGroup;
			children = (
				CE61287C21C1504A00BB4B97 /* FactoryMethodSwift */,
				CE61287B21C1504A00BB4B97 /* Products */,
			);
			sourceTree = "<group>";
		};
		CE61287B21C1504A00BB4B97 /* Products */ = {
			isa = PBXGroup;
			children = (
				CE61287A21C1504A00BB4B97 /* FactoryMethodSwift.app */,
			);
			name = Products;
			sourceTree = "<group>";
		};
		CE61287C21C1504A00BB4B97 /* FactoryMethodSwift */ = {
			isa = PBXGroup;
			children = (
				CE61287D21C1504A00BB4B97 /* AppDelegate.swift */,
				CE61289121C1520E00BB4B97 /* FactoryGlobal */,
				CE61289421C153B200BB4B97 /* BasicExercises */,
				CE61289721C153F000BB4B97 /* TypeOfExercises */,
				CE61287F21C1504A00BB4B97 /* ViewController.swift */,
				CE61288121C1504A00BB4B97 /* Main.storyboard */,
				CE61288421C1504D00BB4B97 /* Assets.xcassets */,
				CE61288621C1504D00BB4B97 /* LaunchScreen.storyboard */,
				CE61288921C1504D00BB4B97 /* Info.plist */,
			);
			path = FactoryMethodSwift;
			sourceTree = "<group>";
		};
		CE61289121C1520E00BB4B97 /* FactoryGlobal */ = {
			isa = PBXGroup;
			children = (
				CE61288F21C1520800BB4B97 /* ExerciseClobal.swift */,
			);
			path = FactoryGlobal;
			sourceTree = "<group>";
		};
		CE61289421C153B200BB4B97 /* BasicExercises */ = {
			isa = PBXGroup;
			children = (
				CE61289221C153AD00BB4B97 /* BasicExercises.swift */,
			);
			path = BasicExercises;
			sourceTree = "<group>";
		};
		CE61289721C153F000BB4B97 /* TypeOfExercises */ = {
			isa = PBXGroup;
			children = (
				CE61289821C1545D00BB4B97 /* Running.swift */,
				CE61289A21C1547200BB4B97 /* Cycling.swift */,
				CE61289C21C1548400BB4B97 /* StrengthExercises.swift */,
			);
			path = TypeOfExercises;
			sourceTree = "<group>";
		};
/* End PBXGroup section */

/* Begin PBXNativeTarget section */
		CE61287921C1504900BB4B97 /* FactoryMethodSwift */ = {
			isa = PBXNativeTarget;
			buildConfigurationList = CE61288C21C1504D00BB4B97 /* Build configuration list for PBXNativeTarget "FactoryMethodSwift" */;
			buildPhases = (
				CE61287621C1504900BB4B97 /* Sources */,
				CE61287721C1504900BB4B97 /* Frameworks */,
				CE61287821C1504900BB4B97 /* Resources */,
			);
			buildRules = (
			);
			dependencies = (
			);
			name = FactoryMethodSwift;
			productName = FactoryMethodSwift;
			productReference = CE61287A21C1504A00BB4B97 /* FactoryMethodSwift.app */;
			productType = "com.apple.product-type.application";
		};
/* End PBXNativeTarget section */

/* Begin PBXProject section */
		CE61287221C1504900BB4B97 /* Project object */ = {
			isa = PBXProject;
			attributes = {
				LastSwiftUpdateCheck = 1010;
				LastUpgradeCheck = 1010;
				ORGANIZATIONNAME = Woop;
				TargetAttributes = {
					CE61287921C1504900BB4B97 = {
						CreatedOnToolsVersion = 10.1;
					};
				};
			};
			buildConfigurationList = CE61287521C1504900BB4B97 /* Build configuration list for PBXProject "FactoryMethodSwift" */;
			compatibilityVersion = "Xcode 9.3";
			developmentRegion = en;
			hasScannedForEncodings = 0;
			knownRegions = (
				en,
				Base,
			);
			mainGroup = CE61287121C1504900BB4B97;
			productRefGroup = CE61287B21C1504A00BB4B97 /* Products */;
			projectDirPath = "";
			projectRoot = "";
			targets = (
				CE61287921C1504900BB4B97 /* FactoryMethodSwift */,
			);
		};
/* End PBXProject section */

/* Begin PBXResourcesBuildPhase section */
		CE61287821C1504900BB4B97 /* Resources */ = {
			isa = PBXResourcesBuildPhase;
			buildActionMask = 2147483647;
			files = (
				CE61288821C1504D00BB4B97 /* LaunchScreen.storyboard in Resources */,
				CE61288521C1504D00BB4B97 /* Assets.xcassets in Resources */,
				CE61288321C1504A00BB4B97 /* Main.storyboard in Resources */,
			);
			runOnlyForDeploymentPostprocessing = 0;
		};
/* End PBXResourcesBuildPhase section */

/* Begin PBXSourcesBuildPhase section */
		CE61287621C1504900BB4B97 /* Sources */ = {
			isa = PBXSourcesBuildPhase;
			buildActionMask = 2147483647;
			files = (
				CE61289321C153AD00BB4B97 /* BasicExercises.swift in Sources */,
				CE61288021C1504A00BB4B97 /* ViewController.swift in Sources */,
				CE61289D21C1548400BB4B97 /* StrengthExercises.swift in Sources */,
				CE61289021C1520800BB4B97 /* ExerciseClobal.swift in Sources */,
				CE61287E21C1504A00BB4B97 /* AppDelegate.swift in Sources */,
				CE61289921C1545D00BB4B97 /* Running.swift in Sources */,
				CE61289B21C1547200BB4B97 /* Cycling.swift in Sources */,
			);
			runOnlyForDeploymentPostprocessing = 0;
		};
/* End PBXSourcesBuildPhase section */

/* Begin PBXVariantGroup section */
		CE61288121C1504A00BB4B97 /* Main.storyboard */ = {
			isa = PBXVariantGroup;
			children = (
				CE61288221C1504A00BB4B97 /* Base */,
			);
			name = Main.storyboard;
			sourceTree = "<group>";
		};
		CE61288621C1504D00BB4B97 /* LaunchScreen.storyboard */ = {
			isa = PBXVariantGroup;
			children = (
				CE61288721C1504D00BB4B97 /* Base */,
			);
			name = LaunchScreen.storyboard;
			sourceTree = "<group>";
		};
/* End PBXVariantGroup section */

/* Begin XCBuildConfiguration section */
		CE61288A21C1504D00BB4B97 /* Debug */ = {
			isa = XCBuildConfiguration;
			buildSettings = {
				ALWAYS_SEARCH_USER_PATHS = NO;
				CLANG_ANALYZER_NONNULL = YES;
				CLANG_ANALYZER_NUMBER_OBJECT_CONVERSION = YES_AGGRESSIVE;
				CLANG_CXX_LANGUAGE_STANDARD = "gnu++14";
				CLANG_CXX_LIBRARY = "libc++";
				CLANG_ENABLE_MODULES = YES;
				CLANG_ENABLE_OBJC_ARC = YES;
				CLANG_ENABLE_OBJC_WEAK = YES;
				CLANG_WARN_BLOCK_CAPTURE_AUTORELEASING = YES;
				CLANG_WARN_BOOL_CONVERSION = YES;
				CLANG_WARN_COMMA = YES;
				CLANG_WARN_CONSTANT_CONVERSION = YES;
				CLANG_WARN_DEPRECATED_OBJC_IMPLEMENTATIONS = YES;
				CLANG_WARN_DIRECT_OBJC_ISA_USAGE = YES_ERROR;
				CLANG_WARN_DOCUMENTATION_COMMENTS = YES;
				CLANG_WARN_EMPTY_BODY = YES;
				CLANG_WARN_ENUM_CONVERSION = YES;
				CLANG_WARN_INFINITE_RECURSION = YES;
				CLANG_WARN_INT_CONVERSION = YES;
				CLANG_WARN_NON_LITERAL_NULL_CONVERSION = YES;
				CLANG_WARN_OBJC_IMPLICIT_RETAIN_SELF = YES;
				CLANG_WARN_OBJC_LITERAL_CONVERSION = YES;
				CLANG_WARN_OBJC_ROOT_CLASS = YES_ERROR;
				CLANG_WARN_RANGE_LOOP_ANALYSIS = YES;
				CLANG_WARN_STRICT_PROTOTYPES = YES;
				CLANG_WARN_SUSPICIOUS_MOVE = YES;
				CLANG_WARN_UNGUARDED_AVAILABILITY = YES_AGGRESSIVE;
				CLANG_WARN_UNREACHABLE_CODE = YES;
				CLANG_WARN__DUPLICATE_METHOD_MATCH = YES;
				CODE_SIGN_IDENTITY = "iPhone Developer";
				COPY_PHASE_STRIP = NO;
				DEBUG_INFORMATION_FORMAT = dwarf;
				ENABLE_STRICT_OBJC_MSGSEND = YES;
				ENABLE_TESTABILITY = YES;
				GCC_C_LANGUAGE_STANDARD = gnu11;
				GCC_DYNAMIC_NO_PIC = NO;
				GCC_NO_COMMON_BLOCKS = YES;
				GCC_OPTIMIZATION_LEVEL = 0;
				GCC_PREPROCESSOR_DEFINITIONS = (
					"DEBUG=1",
					"$(inherited)",
				);
				GCC_WARN_64_TO_32_BIT_CONVERSION = YES;
				GCC_WARN_ABOUT_RETURN_TYPE = YES_ERROR;
				GCC_WARN_UNDECLARED_SELECTOR = YES;
				GCC_WARN_UNINITIALIZED_AUTOS = YES_AGGRESSIVE;
				GCC_WARN_UNUSED_FUNCTION = YES;
				GCC_WARN_UNUSED_VARIABLE = YES;
				IPHONEOS_DEPLOYMENT_TARGET = 12.1;
				MTL_ENABLE_DEBUG_INFO = INCLUDE_SOURCE;
				MTL_FAST_MATH = YES;
				ONLY_ACTIVE_ARCH = YES;
				SDKROOT = iphoneos;
				SWIFT_ACTIVE_COMPILATION_CONDITIONS = DEBUG;
				SWIFT_OPTIMIZATION_LEVEL = "-Onone";
			};
			name = Debug;
		};
		CE61288B21C1504D00BB4B97 /* Release */ = {
			isa = XCBuildConfiguration;
			buildSettings = {
				ALWAYS_SEARCH_USER_PATHS = NO;
				CLANG_ANALYZER_NONNULL = YES;
				CLANG_ANALYZER_NUMBER_OBJECT_CONVERSION = YES_AGGRESSIVE;
				CLANG_CXX_LANGUAGE_STANDARD = "gnu++14";
				CLANG_CXX_LIBRARY = "libc++";
				CLANG_ENABLE_MODULES = YES;
				CLANG_ENABLE_OBJC_ARC = YES;
				CLANG_ENABLE_OBJC_WEAK = YES;
				CLANG_WARN_BLOCK_CAPTURE_AUTORELEASING = YES;
				CLANG_WARN_BOOL_CONVERSION = YES;
				CLANG_WARN_COMMA = YES;
				CLANG_WARN_CONSTANT_CONVERSION = YES;
				CLANG_WARN_DEPRECATED_OBJC_IMPLEMENTATIONS = YES;
				CLANG_WARN_DIRECT_OBJC_ISA_USAGE = YES_ERROR;
				CLANG_WARN_DOCUMENTATION_COMMENTS = YES;
				CLANG_WARN_EMPTY_BODY = YES;
				CLANG_WARN_ENUM_CONVERSION = YES;
				CLANG_WARN_INFINITE_RECURSION = YES;
				CLANG_WARN_INT_CONVERSION = YES;
				CLANG_WARN_NON_LITERAL_NULL_CONVERSION = YES;
				CLANG_WARN_OBJC_IMPLICIT_RETAIN_SELF = YES;
				CLANG_WARN_OBJC_LITERAL_CONVERSION = YES;
				CLANG_WARN_OBJC_ROOT_CLASS = YES_ERROR;
				CLANG_WARN_RANGE_LOOP_ANALYSIS = YES;
				CLANG_WARN_STRICT_PROTOTYPES = YES;
				CLANG_WARN_SUSPICIOUS_MOVE = YES;
				CLANG_WARN_UNGUARDED_AVAILABILITY = YES_AGGRESSIVE;
				CLANG_WARN_UNREACHABLE_CODE = YES;
				CLANG_WARN__DUPLICATE_METHOD_MATCH = YES;
				CODE_SIGN_IDENTITY = "iPhone Developer";
				COPY_PHASE_STRIP = NO;
				DEBUG_INFORMATION_FORMAT = "dwarf-with-dsym";
				ENABLE_NS_ASSERTIONS = NO;
				ENABLE_STRICT_OBJC_MSGSEND = YES;
				GCC_C_LANGUAGE_STANDARD = gnu11;
				GCC_NO_COMMON_BLOCKS = YES;
				GCC_WARN_64_TO_32_BIT_CONVERSION = YES;
				GCC_WARN_ABOUT_RETURN_TYPE = YES_ERROR;
				GCC_WARN_UNDECLARED_SELECTOR = YES;
				GCC_WARN_UNINITIALIZED_AUTOS = YES_AGGRESSIVE;
				GCC_WARN_UNUSED_FUNCTION = YES;
				GCC_WARN_UNUSED_VARIABLE = YES;
				IPHONEOS_DEPLOYMENT_TARGET = 12.1;
				MTL_ENABLE_DEBUG_INFO = NO;
				MTL_FAST_MATH = YES;
				SDKROOT = iphoneos;
				SWIFT_COMPILATION_MODE = wholemodule;
				SWIFT_OPTIMIZATION_LEVEL = "-O";
				VALIDATE_PRODUCT = YES;
			};
			name = Release;
		};
		CE61288D21C1504D00BB4B97 /* Debug */ = {
			isa = XCBuildConfiguration;
			buildSettings = {
				ASSETCATALOG_COMPILER_APPICON_NAME = AppIcon;
				CODE_SIGN_STYLE = Automatic;
				DEVELOPMENT_TEAM = 5PGF8692NY;
				INFOPLIST_FILE = FactoryMethodSwift/Info.plist;
				IPHONEOS_DEPLOYMENT_TARGET = 9.0;
				LD_RUNPATH_SEARCH_PATHS = (
					"$(inherited)",
					"@executable_path/Frameworks",
				);
				PRODUCT_BUNDLE_IDENTIFIER = Woop.FactoryMethodSwift;
				PRODUCT_NAME = "$(TARGET_NAME)";
				SWIFT_VERSION = 4.2;
				TARGETED_DEVICE_FAMILY = "1,2";
			};
			name = Debug;
		};
		CE61288E21C1504D00BB4B97 /* Release */ = {
			isa = XCBuildConfiguration;
			buildSettings = {
				ASSETCATALOG_COMPILER_APPICON_NAME = AppIcon;
				CODE_SIGN_STYLE = Automatic;
				DEVELOPMENT_TEAM = 5PGF8692NY;
				INFOPLIST_FILE = FactoryMethodSwift/Info.plist;
				IPHONEOS_DEPLOYMENT_TARGET = 9.0;
				LD_RUNPATH_SEARCH_PATHS = (
					"$(inherited)",
					"@executable_path/Frameworks",
				);
				PRODUCT_BUNDLE_IDENTIFIER = Woop.FactoryMethodSwift;
				PRODUCT_NAME = "$(TARGET_NAME)";
				SWIFT_VERSION = 4.2;
				TARGETED_DEVICE_FAMILY = "1,2";
			};
			name = Release;
		};
/* End XCBuildConfiguration section */

/* Begin XCConfigurationList section */
		CE61287521C1504900BB4B97 /* Build configuration list for PBXProject "FactoryMethodSwift" */ = {
			isa = XCConfigurationList;
			buildConfigurations = (
				CE61288A21C1504D00BB4B97 /* Debug */,
				CE61288B21C1504D00BB4B97 /* Release */,
			);
			defaultConfigurationIsVisible = 0;
			defaultConfigurationName = Release;
		};
		CE61288C21C1504D00BB4B97 /* Build configuration list for PBXNativeTarget "FactoryMethodSwift" */ = {
			isa = XCConfigurationList;
			buildConfigurations = (
				CE61288D21C1504D00BB4B97 /* Debug */,
				CE61288E21C1504D00BB4B97 /* Release */,
			);
			defaultConfigurationIsVisible = 0;
			defaultConfigurationName = Release;
		};
/* End XCConfigurationList section */
	};
	rootObject = CE61287221C1504900BB4B97 /* Project object */;
}
